GEM
  remote: https://rubygems.org/
  specs:
    byebug (11.1.3)
    coderay (1.1.3)
    method_source (1.1.0)
    phonetics (3.0.9)
    priority_queue_cxx (0.3.7)
    pry (0.14.2)
      coderay (~> 1.1)
      method_source (~> 1.0)
    pry-byebug (3.10.1)
      byebug (~> 11.0)
      pry (>= 0.13, < 0.15)

PLATFORMS
  ruby

DEPENDENCIES
  phonetics (>= 3.0.6)
  priority_queue_cxx
  pry-byebug

BUNDLED WITH
   2.1.2
